# This file is automatically @generated by Cargo.
# It is not intended for manual editing.
[[package]]
name = "cfg-if"
version = "0.1.10"

[[package]]
name = "compiler_builtins"
version = "0.1.46"

[[package]]
name = "core_arch"
version = "0.1.5"

[[package]]
name = "libm"
version = "0.1.4"

[[package]]
name = "packed"
version = "0.0.0"
dependencies = [
 "cfg-if",
 "compiler_builtins",
 "core_arch",
 "libm",
 "packed_simd_2",
 "rustc-std-workspace-core",
]

[[package]]
name = "packed_simd_2"
version = "0.3.5"
dependencies = [
 "cfg-if",
 "core_arch",
 "libm",
]

[[package]]
name = "rustc-std-workspace-core"
version = "1.0.0"
